
Microsoft Visual Studio Solution File, Format Version 12.00
# Visual Studio Version 17
VisualStudioVersion = 17.0.31903.59
MinimumVisualStudioVersion = 10.0.40219.1
Project("{2150E333-8FDC-42A3-9474-1A3956D46DE8}") = "src", "src", "{827E0CD3-B72D-47B6-A68D-7590B98EB39B}"
EndProject
Project("{FAE04EC0-301F-11D3-BF4B-00C04F79EFBC}") = "MauiApp", "src\MauiApp\MauiApp.csproj", "{B8671BDD-C438-44D6-90BA-B535749BA759}"
EndProject
Project("{FAE04EC0-301F-11D3-BF4B-00C04F79EFBC}") = "MauiApp.Core", "src\MauiApp.Core\MauiApp.Core.csproj", "{B24BE7A6-71D5-43F4-B8D2-605714047DBC}"
EndProject
Project("{FAE04EC0-301F-11D3-BF4B-00C04F79EFBC}") = "MauiApp.Services", "src\MauiApp.Services\MauiApp.Services.csproj", "{B554723E-0380-4608-82DF-7D054E409282}"
EndProject
Project("{FAE04EC0-301F-11D3-BF4B-00C04F79EFBC}") = "MauiApp.Data", "src\MauiApp.Data\MauiApp.Data.csproj", "{3630FA46-E0EE-4F38-A3D4-B4AEBC30055E}"
EndProject
Project("{FAE04EC0-301F-11D3-BF4B-00C04F79EFBC}") = "MauiApp.AppHost", "src\MauiApp.AppHost\MauiApp.AppHost.csproj", "{D5BDA8CF-FA04-48BB-8311-F5397E11F5CC}"
EndProject
Project("{FAE04EC0-301F-11D3-BF4B-00C04F79EFBC}") = "MauiApp.ApiService", "src\MauiApp.ApiService\MauiApp.ApiService.csproj", "{9B8C18D4-7E78-4ED0-92FF-EDD0F554BC02}"
EndProject
Project("{FAE04EC0-301F-11D3-BF4B-00C04F79EFBC}") = "MauiApp.IdentityService", "src\MauiApp.IdentityService\MauiApp.IdentityService.csproj", "{A1B2C3D4-E5F6-7890-ABCD-EF1234567890}"
EndProject
Project("{FAE04EC0-301F-11D3-BF4B-00C04F79EFBC}") = "MauiApp.ProjectsService", "src\MauiApp.ProjectsService\MauiApp.ProjectsService.csproj", "{316B181B-6D7C-B8E3-BA1E-581A728E91EE}"
EndProject
Project("{2150E333-8FDC-42A3-9474-1A3956D46DE8}") = "tests", "tests", "{0AB3BF05-4346-4AA6-1389-037BE0695223}"
EndProject
Project("{FAE04EC0-301F-11D3-BF4B-00C04F79EFBC}") = "MauiApp.UnitTests", "tests\MauiApp.UnitTests\MauiApp.UnitTests.csproj", "{618E74C1-A385-4FDA-AF0B-8EA6287E1A67}"
EndProject
Project("{FAE04EC0-301F-11D3-BF4B-00C04F79EFBC}") = "MauiApp.IntegrationTests", "tests\MauiApp.IntegrationTests\MauiApp.IntegrationTests.csproj", "{F86C547B-E3AE-43CB-9B7E-B88EAF6478F9}"
EndProject
Project("{FAE04EC0-301F-11D3-BF4B-00C04F79EFBC}") = "MauiApp.TasksService", "src\MauiApp.TasksService\MauiApp.TasksService.csproj", "{DC247BFB-D456-41E4-BC2A-2700AD10A291}"
EndProject
Project("{FAE04EC0-301F-11D3-BF4B-00C04F79EFBC}") = "MauiApp.CollaborationService", "src\MauiApp.CollaborationService\MauiApp.CollaborationService.csproj", "{A1E49D7A-8891-44DE-B2DE-D2193FBB6A57}"
EndProject
Project("{FAE04EC0-301F-11D3-BF4B-00C04F79EFBC}") = "MauiApp.FilesService", "src\MauiApp.FilesService\MauiApp.FilesService.csproj", "{A483417E-AD03-4ABF-B41F-2A531ECFC6D6}"
EndProject
Project("{FAE04EC0-301F-11D3-BF4B-00C04F79EFBC}") = "MauiApp.AnalyticsService", "src\MauiApp.AnalyticsService\MauiApp.AnalyticsService.csproj", "{74DBEA18-426A-4A23-AD62-4B105DCC67A3}"
EndProject
Project("{FAE04EC0-301F-11D3-BF4B-00C04F79EFBC}") = "MauiApp.SyncService", "src\MauiApp.SyncService\MauiApp.SyncService.csproj", "{AE552A05-D550-46AA-93FD-6377B197C4AF}"
EndProject
Project("{FAE04EC0-301F-11D3-BF4B-00C04F79EFBC}") = "MauiApp.NotificationService", "src\MauiApp.NotificationService\MauiApp.NotificationService.csproj", "{8A9A83E1-3643-4813-B100-55D1F130DFA6}"
EndProject
Global
	GlobalSection(SolutionConfigurationPlatforms) = preSolution
		Debug|Any CPU = Debug|Any CPU
		Debug|x64 = Debug|x64
		Debug|x86 = Debug|x86
		Release|Any CPU = Release|Any CPU
		Release|x64 = Release|x64
		Release|x86 = Release|x86
	EndGlobalSection
	GlobalSection(ProjectConfigurationPlatforms) = postSolution
		{B8671BDD-C438-44D6-90BA-B535749BA759}.Debug|Any CPU.ActiveCfg = Debug|Any CPU
		{B8671BDD-C438-44D6-90BA-B535749BA759}.Debug|Any CPU.Build.0 = Debug|Any CPU
		{B8671BDD-C438-44D6-90BA-B535749BA759}.Debug|x64.ActiveCfg = Debug|Any CPU
		{B8671BDD-C438-44D6-90BA-B535749BA759}.Debug|x64.Build.0 = Debug|Any CPU
		{B8671BDD-C438-44D6-90BA-B535749BA759}.Debug|x86.ActiveCfg = Debug|Any CPU
		{B8671BDD-C438-44D6-90BA-B535749BA759}.Debug|x86.Build.0 = Debug|Any CPU
		{B8671BDD-C438-44D6-90BA-B535749BA759}.Release|Any CPU.ActiveCfg = Release|Any CPU
		{B8671BDD-C438-44D6-90BA-B535749BA759}.Release|Any CPU.Build.0 = Release|Any CPU
		{B8671BDD-C438-44D6-90BA-B535749BA759}.Release|x64.ActiveCfg = Release|Any CPU
		{B8671BDD-C438-44D6-90BA-B535749BA759}.Release|x64.Build.0 = Release|Any CPU
		{B8671BDD-C438-44D6-90BA-B535749BA759}.Release|x86.ActiveCfg = Release|Any CPU
		{B8671BDD-C438-44D6-90BA-B535749BA759}.Release|x86.Build.0 = Release|Any CPU
		{B24BE7A6-71D5-43F4-B8D2-605714047DBC}.Debug|Any CPU.ActiveCfg = Debug|Any CPU
		{B24BE7A6-71D5-43F4-B8D2-605714047DBC}.Debug|Any CPU.Build.0 = Debug|Any CPU
		{B24BE7A6-71D5-43F4-B8D2-605714047DBC}.Debug|x64.ActiveCfg = Debug|Any CPU
		{B24BE7A6-71D5-43F4-B8D2-605714047DBC}.Debug|x64.Build.0 = Debug|Any CPU
		{B24BE7A6-71D5-43F4-B8D2-605714047DBC}.Debug|x86.ActiveCfg = Debug|Any CPU
		{B24BE7A6-71D5-43F4-B8D2-605714047DBC}.Debug|x86.Build.0 = Debug|Any CPU
		{B24BE7A6-71D5-43F4-B8D2-605714047DBC}.Release|Any CPU.ActiveCfg = Release|Any CPU
		{B24BE7A6-71D5-43F4-B8D2-605714047DBC}.Release|Any CPU.Build.0 = Release|Any CPU
		{B24BE7A6-71D5-43F4-B8D2-605714047DBC}.Release|x64.ActiveCfg = Release|Any CPU
		{B24BE7A6-71D5-43F4-B8D2-605714047DBC}.Release|x64.Build.0 = Release|Any CPU
		{B24BE7A6-71D5-43F4-B8D2-605714047DBC}.Release|x86.ActiveCfg = Release|Any CPU
		{B24BE7A6-71D5-43F4-B8D2-605714047DBC}.Release|x86.Build.0 = Release|Any CPU
		{B554723E-0380-4608-82DF-7D054E409282}.Debug|Any CPU.ActiveCfg = Debug|Any CPU
		{B554723E-0380-4608-82DF-7D054E409282}.Debug|Any CPU.Build.0 = Debug|Any CPU
		{B554723E-0380-4608-82DF-7D054E409282}.Debug|x64.ActiveCfg = Debug|Any CPU
		{B554723E-0380-4608-82DF-7D054E409282}.Debug|x64.Build.0 = Debug|Any CPU
		{B554723E-0380-4608-82DF-7D054E409282}.Debug|x86.ActiveCfg = Debug|Any CPU
		{B554723E-0380-4608-82DF-7D054E409282}.Debug|x86.Build.0 = Debug|Any CPU
		{B554723E-0380-4608-82DF-7D054E409282}.Release|Any CPU.ActiveCfg = Release|Any CPU
		{B554723E-0380-4608-82DF-7D054E409282}.Release|Any CPU.Build.0 = Release|Any CPU
		{B554723E-0380-4608-82DF-7D054E409282}.Release|x64.ActiveCfg = Release|Any CPU
		{B554723E-0380-4608-82DF-7D054E409282}.Release|x64.Build.0 = Release|Any CPU
		{B554723E-0380-4608-82DF-7D054E409282}.Release|x86.ActiveCfg = Release|Any CPU
		{B554723E-0380-4608-82DF-7D054E409282}.Release|x86.Build.0 = Release|Any CPU
		{3630FA46-E0EE-4F38-A3D4-B4AEBC30055E}.Debug|Any CPU.ActiveCfg = Debug|Any CPU
		{3630FA46-E0EE-4F38-A3D4-B4AEBC30055E}.Debug|Any CPU.Build.0 = Debug|Any CPU
		{3630FA46-E0EE-4F38-A3D4-B4AEBC30055E}.Debug|x64.ActiveCfg = Debug|Any CPU
		{3630FA46-E0EE-4F38-A3D4-B4AEBC30055E}.Debug|x64.Build.0 = Debug|Any CPU
		{3630FA46-E0EE-4F38-A3D4-B4AEBC30055E}.Debug|x86.ActiveCfg = Debug|Any CPU
		{3630FA46-E0EE-4F38-A3D4-B4AEBC30055E}.Debug|x86.Build.0 = Debug|Any CPU
		{3630FA46-E0EE-4F38-A3D4-B4AEBC30055E}.Release|Any CPU.ActiveCfg = Release|Any CPU
		{3630FA46-E0EE-4F38-A3D4-B4AEBC30055E}.Release|Any CPU.Build.0 = Release|Any CPU
		{3630FA46-E0EE-4F38-A3D4-B4AEBC30055E}.Release|x64.ActiveCfg = Release|Any CPU
		{3630FA46-E0EE-4F38-A3D4-B4AEBC30055E}.Release|x64.Build.0 = Release|Any CPU
		{3630FA46-E0EE-4F38-A3D4-B4AEBC30055E}.Release|x86.ActiveCfg = Release|Any CPU
		{3630FA46-E0EE-4F38-A3D4-B4AEBC30055E}.Release|x86.Build.0 = Release|Any CPU
		{D5BDA8CF-FA04-48BB-8311-F5397E11F5CC}.Debug|Any CPU.ActiveCfg = Debug|Any CPU
		{D5BDA8CF-FA04-48BB-8311-F5397E11F5CC}.Debug|Any CPU.Build.0 = Debug|Any CPU
		{D5BDA8CF-FA04-48BB-8311-F5397E11F5CC}.Debug|x64.ActiveCfg = Debug|Any CPU
		{D5BDA8CF-FA04-48BB-8311-F5397E11F5CC}.Debug|x64.Build.0 = Debug|Any CPU
		{D5BDA8CF-FA04-48BB-8311-F5397E11F5CC}.Debug|x86.ActiveCfg = Debug|Any CPU
		{D5BDA8CF-FA04-48BB-8311-F5397E11F5CC}.Debug|x86.Build.0 = Debug|Any CPU
		{D5BDA8CF-FA04-48BB-8311-F5397E11F5CC}.Release|Any CPU.ActiveCfg = Release|Any CPU
		{D5BDA8CF-FA04-48BB-8311-F5397E11F5CC}.Release|Any CPU.Build.0 = Release|Any CPU
		{D5BDA8CF-FA04-48BB-8311-F5397E11F5CC}.Release|x64.ActiveCfg = Release|Any CPU
		{D5BDA8CF-FA04-48BB-8311-F5397E11F5CC}.Release|x64.Build.0 = Release|Any CPU
		{D5BDA8CF-FA04-48BB-8311-F5397E11F5CC}.Release|x86.ActiveCfg = Release|Any CPU
		{D5BDA8CF-FA04-48BB-8311-F5397E11F5CC}.Release|x86.Build.0 = Release|Any CPU
		{9B8C18D4-7E78-4ED0-92FF-EDD0F554BC02}.Debug|Any CPU.ActiveCfg = Debug|Any CPU
		{9B8C18D4-7E78-4ED0-92FF-EDD0F554BC02}.Debug|Any CPU.Build.0 = Debug|Any CPU
		{9B8C18D4-7E78-4ED0-92FF-EDD0F554BC02}.Debug|x64.ActiveCfg = Debug|Any CPU
		{9B8C18D4-7E78-4ED0-92FF-EDD0F554BC02}.Debug|x64.Build.0 = Debug|Any CPU
		{9B8C18D4-7E78-4ED0-92FF-EDD0F554BC02}.Debug|x86.ActiveCfg = Debug|Any CPU
		{9B8C18D4-7E78-4ED0-92FF-EDD0F554BC02}.Debug|x86.Build.0 = Debug|Any CPU
		{9B8C18D4-7E78-4ED0-92FF-EDD0F554BC02}.Release|Any CPU.ActiveCfg = Release|Any CPU
		{9B8C18D4-7E78-4ED0-92FF-EDD0F554BC02}.Release|Any CPU.Build.0 = Release|Any CPU
		{9B8C18D4-7E78-4ED0-92FF-EDD0F554BC02}.Release|x64.ActiveCfg = Release|Any CPU
		{9B8C18D4-7E78-4ED0-92FF-EDD0F554BC02}.Release|x64.Build.0 = Release|Any CPU
		{9B8C18D4-7E78-4ED0-92FF-EDD0F554BC02}.Release|x86.ActiveCfg = Release|Any CPU
		{9B8C18D4-7E78-4ED0-92FF-EDD0F554BC02}.Release|x86.Build.0 = Release|Any CPU
		{A1B2C3D4-E5F6-7890-ABCD-EF1234567890}.Debug|Any CPU.ActiveCfg = Debug|Any CPU
		{A1B2C3D4-E5F6-7890-ABCD-EF1234567890}.Debug|Any CPU.Build.0 = Debug|Any CPU
		{A1B2C3D4-E5F6-7890-ABCD-EF1234567890}.Debug|x64.ActiveCfg = Debug|Any CPU
		{A1B2C3D4-E5F6-7890-ABCD-EF1234567890}.Debug|x64.Build.0 = Debug|Any CPU
		{A1B2C3D4-E5F6-7890-ABCD-EF1234567890}.Debug|x86.ActiveCfg = Debug|Any CPU
		{A1B2C3D4-E5F6-7890-ABCD-EF1234567890}.Debug|x86.Build.0 = Debug|Any CPU
		{A1B2C3D4-E5F6-7890-ABCD-EF1234567890}.Release|Any CPU.ActiveCfg = Release|Any CPU
		{A1B2C3D4-E5F6-7890-ABCD-EF1234567890}.Release|Any CPU.Build.0 = Release|Any CPU
		{A1B2C3D4-E5F6-7890-ABCD-EF1234567890}.Release|x64.ActiveCfg = Release|Any CPU
		{A1B2C3D4-E5F6-7890-ABCD-EF1234567890}.Release|x64.Build.0 = Release|Any CPU
		{A1B2C3D4-E5F6-7890-ABCD-EF1234567890}.Release|x86.ActiveCfg = Release|Any CPU
		{A1B2C3D4-E5F6-7890-ABCD-EF1234567890}.Release|x86.Build.0 = Release|Any CPU
		{618E74C1-A385-4FDA-AF0B-8EA6287E1A67}.Debug|Any CPU.ActiveCfg = Debug|Any CPU
		{618E74C1-A385-4FDA-AF0B-8EA6287E1A67}.Debug|Any CPU.Build.0 = Debug|Any CPU
		{618E74C1-A385-4FDA-AF0B-8EA6287E1A67}.Debug|x64.ActiveCfg = Debug|Any CPU
		{618E74C1-A385-4FDA-AF0B-8EA6287E1A67}.Debug|x64.Build.0 = Debug|Any CPU
		{618E74C1-A385-4FDA-AF0B-8EA6287E1A67}.Debug|x86.ActiveCfg = Debug|Any CPU
		{618E74C1-A385-4FDA-AF0B-8EA6287E1A67}.Debug|x86.Build.0 = Debug|Any CPU
		{618E74C1-A385-4FDA-AF0B-8EA6287E1A67}.Release|Any CPU.ActiveCfg = Release|Any CPU
		{618E74C1-A385-4FDA-AF0B-8EA6287E1A67}.Release|Any CPU.Build.0 = Release|Any CPU
		{618E74C1-A385-4FDA-AF0B-8EA6287E1A67}.Release|x64.ActiveCfg = Release|Any CPU
		{618E74C1-A385-4FDA-AF0B-8EA6287E1A67}.Release|x64.Build.0 = Release|Any CPU
		{618E74C1-A385-4FDA-AF0B-8EA6287E1A67}.Release|x86.ActiveCfg = Release|Any CPU
		{618E74C1-A385-4FDA-AF0B-8EA6287E1A67}.Release|x86.Build.0 = Release|Any CPU
		{F86C547B-E3AE-43CB-9B7E-B88EAF6478F9}.Debug|Any CPU.ActiveCfg = Debug|Any CPU
		{F86C547B-E3AE-43CB-9B7E-B88EAF6478F9}.Debug|Any CPU.Build.0 = Debug|Any CPU
		{F86C547B-E3AE-43CB-9B7E-B88EAF6478F9}.Debug|x64.ActiveCfg = Debug|Any CPU
		{F86C547B-E3AE-43CB-9B7E-B88EAF6478F9}.Debug|x64.Build.0 = Debug|Any CPU
		{F86C547B-E3AE-43CB-9B7E-B88EAF6478F9}.Debug|x86.ActiveCfg = Debug|Any CPU
		{F86C547B-E3AE-43CB-9B7E-B88EAF6478F9}.Debug|x86.Build.0 = Debug|Any CPU
		{F86C547B-E3AE-43CB-9B7E-B88EAF6478F9}.Release|Any CPU.ActiveCfg = Release|Any CPU
		{F86C547B-E3AE-43CB-9B7E-B88EAF6478F9}.Release|Any CPU.Build.0 = Release|Any CPU
		{F86C547B-E3AE-43CB-9B7E-B88EAF6478F9}.Release|x64.ActiveCfg = Release|Any CPU
		{F86C547B-E3AE-43CB-9B7E-B88EAF6478F9}.Release|x64.Build.0 = Release|Any CPU
		{F86C547B-E3AE-43CB-9B7E-B88EAF6478F9}.Release|x86.ActiveCfg = Release|Any CPU
		{F86C547B-E3AE-43CB-9B7E-B88EAF6478F9}.Release|x86.Build.0 = Release|Any CPU
		{DC247BFB-D456-41E4-BC2A-2700AD10A291}.Debug|Any CPU.ActiveCfg = Debug|Any CPU
		{DC247BFB-D456-41E4-BC2A-2700AD10A291}.Debug|Any CPU.Build.0 = Debug|Any CPU
		{DC247BFB-D456-41E4-BC2A-2700AD10A291}.Debug|x64.ActiveCfg = Debug|Any CPU
		{DC247BFB-D456-41E4-BC2A-2700AD10A291}.Debug|x64.Build.0 = Debug|Any CPU
		{DC247BFB-D456-41E4-BC2A-2700AD10A291}.Debug|x86.ActiveCfg = Debug|Any CPU
		{DC247BFB-D456-41E4-BC2A-2700AD10A291}.Debug|x86.Build.0 = Debug|Any CPU
		{DC247BFB-D456-41E4-BC2A-2700AD10A291}.Release|Any CPU.ActiveCfg = Release|Any CPU
		{DC247BFB-D456-41E4-BC2A-2700AD10A291}.Release|Any CPU.Build.0 = Release|Any CPU
		{DC247BFB-D456-41E4-BC2A-2700AD10A291}.Release|x64.ActiveCfg = Release|Any CPU
		{DC247BFB-D456-41E4-BC2A-2700AD10A291}.Release|x64.Build.0 = Release|Any CPU
		{DC247BFB-D456-41E4-BC2A-2700AD10A291}.Release|x86.ActiveCfg = Release|Any CPU
		{DC247BFB-D456-41E4-BC2A-2700AD10A291}.Release|x86.Build.0 = Release|Any CPU
		{A1E49D7A-8891-44DE-B2DE-D2193FBB6A57}.Debug|Any CPU.ActiveCfg = Debug|Any CPU
		{A1E49D7A-8891-44DE-B2DE-D2193FBB6A57}.Debug|Any CPU.Build.0 = Debug|Any CPU
		{A1E49D7A-8891-44DE-B2DE-D2193FBB6A57}.Debug|x64.ActiveCfg = Debug|Any CPU
		{A1E49D7A-8891-44DE-B2DE-D2193FBB6A57}.Debug|x64.Build.0 = Debug|Any CPU
		{A1E49D7A-8891-44DE-B2DE-D2193FBB6A57}.Debug|x86.ActiveCfg = Debug|Any CPU
		{A1E49D7A-8891-44DE-B2DE-D2193FBB6A57}.Debug|x86.Build.0 = Debug|Any CPU
		{A1E49D7A-8891-44DE-B2DE-D2193FBB6A57}.Release|Any CPU.ActiveCfg = Release|Any CPU
		{A1E49D7A-8891-44DE-B2DE-D2193FBB6A57}.Release|Any CPU.Build.0 = Release|Any CPU
		{A1E49D7A-8891-44DE-B2DE-D2193FBB6A57}.Release|x64.ActiveCfg = Release|Any CPU
		{A1E49D7A-8891-44DE-B2DE-D2193FBB6A57}.Release|x64.Build.0 = Release|Any CPU
		{A1E49D7A-8891-44DE-B2DE-D2193FBB6A57}.Release|x86.ActiveCfg = Release|Any CPU
		{A1E49D7A-8891-44DE-B2DE-D2193FBB6A57}.Release|x86.Build.0 = Release|Any CPU
		{A483417E-AD03-4ABF-B41F-2A531ECFC6D6}.Debug|Any CPU.ActiveCfg = Debug|Any CPU
		{A483417E-AD03-4ABF-B41F-2A531ECFC6D6}.Debug|Any CPU.Build.0 = Debug|Any CPU
		{A483417E-AD03-4ABF-B41F-2A531ECFC6D6}.Debug|x64.ActiveCfg = Debug|Any CPU
		{A483417E-AD03-4ABF-B41F-2A531ECFC6D6}.Debug|x64.Build.0 = Debug|Any CPU
		{A483417E-AD03-4ABF-B41F-2A531ECFC6D6}.Debug|x86.ActiveCfg = Debug|Any CPU
		{A483417E-AD03-4ABF-B41F-2A531ECFC6D6}.Debug|x86.Build.0 = Debug|Any CPU
		{A483417E-AD03-4ABF-B41F-2A531ECFC6D6}.Release|Any CPU.ActiveCfg = Release|Any CPU
		{A483417E-AD03-4ABF-B41F-2A531ECFC6D6}.Release|Any CPU.Build.0 = Release|Any CPU
		{A483417E-AD03-4ABF-B41F-2A531ECFC6D6}.Release|x64.ActiveCfg = Release|Any CPU
		{A483417E-AD03-4ABF-B41F-2A531ECFC6D6}.Release|x64.Build.0 = Release|Any CPU
		{A483417E-AD03-4ABF-B41F-2A531ECFC6D6}.Release|x86.ActiveCfg = Release|Any CPU
		{A483417E-AD03-4ABF-B41F-2A531ECFC6D6}.Release|x86.Build.0 = Release|Any CPU
		{74DBEA18-426A-4A23-AD62-4B105DCC67A3}.Debug|Any CPU.ActiveCfg = Debug|Any CPU
		{74DBEA18-426A-4A23-AD62-4B105DCC67A3}.Debug|Any CPU.Build.0 = Debug|Any CPU
		{74DBEA18-426A-4A23-AD62-4B105DCC67A3}.Debug|x64.ActiveCfg = Debug|Any CPU
		{74DBEA18-426A-4A23-AD62-4B105DCC67A3}.Debug|x64.Build.0 = Debug|Any CPU
		{74DBEA18-426A-4A23-AD62-4B105DCC67A3}.Debug|x86.ActiveCfg = Debug|Any CPU
		{74DBEA18-426A-4A23-AD62-4B105DCC67A3}.Debug|x86.Build.0 = Debug|Any CPU
		{74DBEA18-426A-4A23-AD62-4B105DCC67A3}.Release|Any CPU.ActiveCfg = Release|Any CPU
		{74DBEA18-426A-4A23-AD62-4B105DCC67A3}.Release|Any CPU.Build.0 = Release|Any CPU
		{74DBEA18-426A-4A23-AD62-4B105DCC67A3}.Release|x64.ActiveCfg = Release|Any CPU
		{74DBEA18-426A-4A23-AD62-4B105DCC67A3}.Release|x64.Build.0 = Release|Any CPU
		{74DBEA18-426A-4A23-AD62-4B105DCC67A3}.Release|x86.ActiveCfg = Release|Any CPU
		{74DBEA18-426A-4A23-AD62-4B105DCC67A3}.Release|x86.Build.0 = Release|Any CPU
		{AE552A05-D550-46AA-93FD-6377B197C4AF}.Debug|Any CPU.ActiveCfg = Debug|Any CPU
		{AE552A05-D550-46AA-93FD-6377B197C4AF}.Debug|Any CPU.Build.0 = Debug|Any CPU
		{AE552A05-D550-46AA-93FD-6377B197C4AF}.Debug|x64.ActiveCfg = Debug|Any CPU
		{AE552A05-D550-46AA-93FD-6377B197C4AF}.Debug|x64.Build.0 = Debug|Any CPU
		{AE552A05-D550-46AA-93FD-6377B197C4AF}.Debug|x86.ActiveCfg = Debug|Any CPU
		{AE552A05-D550-46AA-93FD-6377B197C4AF}.Debug|x86.Build.0 = Debug|Any CPU
		{AE552A05-D550-46AA-93FD-6377B197C4AF}.Release|Any CPU.ActiveCfg = Release|Any CPU
		{AE552A05-D550-46AA-93FD-6377B197C4AF}.Release|Any CPU.Build.0 = Release|Any CPU
		{AE552A05-D550-46AA-93FD-6377B197C4AF}.Release|x64.ActiveCfg = Release|Any CPU
		{AE552A05-D550-46AA-93FD-6377B197C4AF}.Release|x64.Build.0 = Release|Any CPU
		{AE552A05-D550-46AA-93FD-6377B197C4AF}.Release|x86.ActiveCfg = Release|Any CPU
		{AE552A05-D550-46AA-93FD-6377B197C4AF}.Release|x86.Build.0 = Release|Any CPU
		{8A9A83E1-3643-4813-B100-55D1F130DFA6}.Debug|Any CPU.ActiveCfg = Debug|Any CPU
		{8A9A83E1-3643-4813-B100-55D1F130DFA6}.Debug|Any CPU.Build.0 = Debug|Any CPU
		{8A9A83E1-3643-4813-B100-55D1F130DFA6}.Debug|x64.ActiveCfg = Debug|Any CPU
		{8A9A83E1-3643-4813-B100-55D1F130DFA6}.Debug|x64.Build.0 = Debug|Any CPU
		{8A9A83E1-3643-4813-B100-55D1F130DFA6}.Debug|x86.ActiveCfg = Debug|Any CPU
		{8A9A83E1-3643-4813-B100-55D1F130DFA6}.Debug|x86.Build.0 = Debug|Any CPU
		{8A9A83E1-3643-4813-B100-55D1F130DFA6}.Release|Any CPU.ActiveCfg = Release|Any CPU
		{8A9A83E1-3643-4813-B100-55D1F130DFA6}.Release|Any CPU.Build.0 = Release|Any CPU
		{8A9A83E1-3643-4813-B100-55D1F130DFA6}.Release|x64.ActiveCfg = Release|Any CPU
		{8A9A83E1-3643-4813-B100-55D1F130DFA6}.Release|x64.Build.0 = Release|Any CPU
		{8A9A83E1-3643-4813-B100-55D1F130DFA6}.Release|x86.ActiveCfg = Release|Any CPU
		{8A9A83E1-3643-4813-B100-55D1F130DFA6}.Release|x86.Build.0 = Release|Any CPU
	EndGlobalSection
	GlobalSection(SolutionProperties) = preSolution
		HideSolutionNode = FALSE
	EndGlobalSection
	GlobalSection(NestedProjects) = preSolution
		{B8671BDD-C438-44D6-90BA-B535749BA759} = {827E0CD3-B72D-47B6-A68D-7590B98EB39B}
		{B24BE7A6-71D5-43F4-B8D2-605714047DBC} = {827E0CD3-B72D-47B6-A68D-7590B98EB39B}
		{B554723E-0380-4608-82DF-7D054E409282} = {827E0CD3-B72D-47B6-A68D-7590B98EB39B}
		{3630FA46-E0EE-4F38-A3D4-B4AEBC30055E} = {827E0CD3-B72D-47B6-A68D-7590B98EB39B}
		{D5BDA8CF-FA04-48BB-8311-F5397E11F5CC} = {827E0CD3-B72D-47B6-A68D-7590B98EB39B}
		{9B8C18D4-7E78-4ED0-92FF-EDD0F554BC02} = {827E0CD3-B72D-47B6-A68D-7590B98EB39B}
		{A1B2C3D4-E5F6-7890-ABCD-EF1234567890} = {827E0CD3-B72D-47B6-A68D-7590B98EB39B}
		{DC247BFB-D456-41E4-BC2A-2700AD10A291} = {827E0CD3-B72D-47B6-A68D-7590B98EB39B}
		{A1E49D7A-8891-44DE-B2DE-D2193FBB6A57} = {827E0CD3-B72D-47B6-A68D-7590B98EB39B}
		{A483417E-AD03-4ABF-B41F-2A531ECFC6D6} = {827E0CD3-B72D-47B6-A68D-7590B98EB39B}
		{74DBEA18-426A-4A23-AD62-4B105DCC67A3} = {827E0CD3-B72D-47B6-A68D-7590B98EB39B}
		{AE552A05-D550-46AA-93FD-6377B197C4AF} = {827E0CD3-B72D-47B6-A68D-7590B98EB39B}
		{8A9A83E1-3643-4813-B100-55D1F130DFA6} = {827E0CD3-B72D-47B6-A68D-7590B98EB39B}
	EndGlobalSection
EndGlobal
