
Microsoft Visual Studio Solution File, Format Version 12.00
# Visual Studio Version 17
VisualStudioVersion = 17.0.31903.59
MinimumVisualStudioVersion = 10.0.40219.1
Project("{2150E333-8FDC-42A3-9474-1A3956D46DE8}") = "src", "src", "{827E0CD3-B72D-47B6-A68D-7590B98EB39B}"
EndProject
Project("{FAE04EC0-301F-11D3-BF4B-00C04F79EFBC}") = "MauiApp", "src\MauiApp\MauiApp.csproj", "{B8671BDD-C438-44D6-90BA-B535749BA759}"
EndProject
Project("{FAE04EC0-301F-11D3-BF4B-00C04F79EFBC}") = "MauiApp.Core", "src\MauiApp.Core\MauiApp.Core.csproj", "{B24BE7A6-71D5-43F4-B8D2-605714047DBC}"
EndProject
Project("{FAE04EC0-301F-11D3-BF4B-00C04F79EFBC}") = "MauiApp.Services", "src\MauiApp.Services\MauiApp.Services.csproj", "{B554723E-0380-4608-82DF-7D054E409282}"
EndProject
Project("{FAE04EC0-301F-11D3-BF4B-00C04F79EFBC}") = "MauiApp.Data", "src\MauiApp.Data\MauiApp.Data.csproj", "{3630FA46-E0EE-4F38-A3D4-B4AEBC30055E}"
EndProject
Project("{FAE04EC0-301F-11D3-BF4B-00C04F79EFBC}") = "MauiApp.AppHost", "src\MauiApp.AppHost\MauiApp.AppHost.csproj", "{D5BDA8CF-FA04-48BB-8311-F5397E11F5CC}"
EndProject
Project("{FAE04EC0-301F-11D3-BF4B-00C04F79EFBC}") = "MauiApp.ApiService", "src\MauiApp.ApiService\MauiApp.ApiService.csproj", "{9B8C18D4-7E78-4ED0-92FF-EDD0F554BC02}"
EndProject
Project("{2150E333-8FDC-42A3-9474-1A3956D46DE8}") = "tests", "tests", "{0AB3BF05-4346-4AA6-1389-037BE0695223}"
EndProject
Project("{FAE04EC0-301F-11D3-BF4B-00C04F79EFBC}") = "MauiApp.UnitTests", "tests\MauiApp.UnitTests\MauiApp.UnitTests.csproj", "{618E74C1-A385-4FDA-AF0B-8EA6287E1A67}"
EndProject
Project("{FAE04EC0-301F-11D3-BF4B-00C04F79EFBC}") = "MauiApp.IntegrationTests", "tests\MauiApp.IntegrationTests\MauiApp.IntegrationTests.csproj", "{F86C547B-E3AE-43CB-9B7E-B88EAF6478F9}"
EndProject
Global
	GlobalSection(SolutionConfigurationPlatforms) = preSolution
		Debug|Any CPU = Debug|Any CPU
		Debug|x64 = Debug|x64
		Debug|x86 = Debug|x86
		Release|Any CPU = Release|Any CPU
		Release|x64 = Release|x64
		Release|x86 = Release|x86
	EndGlobalSection
	GlobalSection(ProjectConfigurationPlatforms) = postSolution
		{B8671BDD-C438-44D6-90BA-B535749BA759}.Debug|Any CPU.ActiveCfg = Debug|Any CPU
		{B8671BDD-C438-44D6-90BA-B535749BA759}.Debug|Any CPU.Build.0 = Debug|Any CPU
		{B8671BDD-C438-44D6-90BA-B535749BA759}.Debug|x64.ActiveCfg = Debug|Any CPU
		{B8671BDD-C438-44D6-90BA-B535749BA759}.Debug|x64.Build.0 = Debug|Any CPU
		{B8671BDD-C438-44D6-90BA-B535749BA759}.Debug|x86.ActiveCfg = Debug|Any CPU
		{B8671BDD-C438-44D6-90BA-B535749BA759}.Debug|x86.Build.0 = Debug|Any CPU
		{B8671BDD-C438-44D6-90BA-B535749BA759}.Release|Any CPU.ActiveCfg = Release|Any CPU
		{B8671BDD-C438-44D6-90BA-B535749BA759}.Release|Any CPU.Build.0 = Release|Any CPU
		{B8671BDD-C438-44D6-90BA-B535749BA759}.Release|x64.ActiveCfg = Release|Any CPU
		{B8671BDD-C438-44D6-90BA-B535749BA759}.Release|x64.Build.0 = Release|Any CPU
		{B8671BDD-C438-44D6-90BA-B535749BA759}.Release|x86.ActiveCfg = Release|Any CPU
		{B8671BDD-C438-44D6-90BA-B535749BA759}.Release|x86.Build.0 = Release|Any CPU
		{B24BE7A6-71D5-43F4-B8D2-605714047DBC}.Debug|Any CPU.ActiveCfg = Debug|Any CPU
		{B24BE7A6-71D5-43F4-B8D2-605714047DBC}.Debug|Any CPU.Build.0 = Debug|Any CPU
		{B24BE7A6-71D5-43F4-B8D2-605714047DBC}.Debug|x64.ActiveCfg = Debug|Any CPU
		{B24BE7A6-71D5-43F4-B8D2-605714047DBC}.Debug|x64.Build.0 = Debug|Any CPU
		{B24BE7A6-71D5-43F4-B8D2-605714047DBC}.Debug|x86.ActiveCfg = Debug|Any CPU
		{B24BE7A6-71D5-43F4-B8D2-605714047DBC}.Debug|x86.Build.0 = Debug|Any CPU
		{B24BE7A6-71D5-43F4-B8D2-605714047DBC}.Release|Any CPU.ActiveCfg = Release|Any CPU
		{B24BE7A6-71D5-43F4-B8D2-605714047DBC}.Release|Any CPU.Build.0 = Release|Any CPU
		{B24BE7A6-71D5-43F4-B8D2-605714047DBC}.Release|x64.ActiveCfg = Release|Any CPU
		{B24BE7A6-71D5-43F4-B8D2-605714047DBC}.Release|x64.Build.0 = Release|Any CPU
		{B24BE7A6-71D5-43F4-B8D2-605714047DBC}.Release|x86.ActiveCfg = Release|Any CPU
		{B24BE7A6-71D5-43F4-B8D2-605714047DBC}.Release|x86.Build.0 = Release|Any CPU
		{B554723E-0380-4608-82DF-7D054E409282}.Debug|Any CPU.ActiveCfg = Debug|Any CPU
		{B554723E-0380-4608-82DF-7D054E409282}.Debug|Any CPU.Build.0 = Debug|Any CPU
		{B554723E-0380-4608-82DF-7D054E409282}.Debug|x64.ActiveCfg = Debug|Any CPU
		{B554723E-0380-4608-82DF-7D054E409282}.Debug|x64.Build.0 = Debug|Any CPU
		{B554723E-0380-4608-82DF-7D054E409282}.Debug|x86.ActiveCfg = Debug|Any CPU
		{B554723E-0380-4608-82DF-7D054E409282}.Debug|x86.Build.0 = Debug|Any CPU
		{B554723E-0380-4608-82DF-7D054E409282}.Release|Any CPU.ActiveCfg = Release|Any CPU
		{B554723E-0380-4608-82DF-7D054E409282}.Release|Any CPU.Build.0 = Release|Any CPU
		{B554723E-0380-4608-82DF-7D054E409282}.Release|x64.ActiveCfg = Release|Any CPU
		{B554723E-0380-4608-82DF-7D054E409282}.Release|x64.Build.0 = Release|Any CPU
		{B554723E-0380-4608-82DF-7D054E409282}.Release|x86.ActiveCfg = Release|Any CPU
		{B554723E-0380-4608-82DF-7D054E409282}.Release|x86.Build.0 = Release|Any CPU
		{3630FA46-E0EE-4F38-A3D4-B4AEBC30055E}.Debug|Any CPU.ActiveCfg = Debug|Any CPU
		{3630FA46-E0EE-4F38-A3D4-B4AEBC30055E}.Debug|Any CPU.Build.0 = Debug|Any CPU
		{3630FA46-E0EE-4F38-A3D4-B4AEBC30055E}.Debug|x64.ActiveCfg = Debug|Any CPU
		{3630FA46-E0EE-4F38-A3D4-B4AEBC30055E}.Debug|x64.Build.0 = Debug|Any CPU
		{3630FA46-E0EE-4F38-A3D4-B4AEBC30055E}.Debug|x86.ActiveCfg = Debug|Any CPU
		{3630FA46-E0EE-4F38-A3D4-B4AEBC30055E}.Debug|x86.Build.0 = Debug|Any CPU
		{3630FA46-E0EE-4F38-A3D4-B4AEBC30055E}.Release|Any CPU.ActiveCfg = Release|Any CPU
		{3630FA46-E0EE-4F38-A3D4-B4AEBC30055E}.Release|Any CPU.Build.0 = Release|Any CPU
		{3630FA46-E0EE-4F38-A3D4-B4AEBC30055E}.Release|x64.ActiveCfg = Release|Any CPU
		{3630FA46-E0EE-4F38-A3D4-B4AEBC30055E}.Release|x64.Build.0 = Release|Any CPU
		{3630FA46-E0EE-4F38-A3D4-B4AEBC30055E}.Release|x86.ActiveCfg = Release|Any CPU
		{3630FA46-E0EE-4F38-A3D4-B4AEBC30055E}.Release|x86.Build.0 = Release|Any CPU
		{D5BDA8CF-FA04-48BB-8311-F5397E11F5CC}.Debug|Any CPU.ActiveCfg = Debug|Any CPU
		{D5BDA8CF-FA04-48BB-8311-F5397E11F5CC}.Debug|Any CPU.Build.0 = Debug|Any CPU
		{D5BDA8CF-FA04-48BB-8311-F5397E11F5CC}.Debug|x64.ActiveCfg = Debug|Any CPU
		{D5BDA8CF-FA04-48BB-8311-F5397E11F5CC}.Debug|x64.Build.0 = Debug|Any CPU
		{D5BDA8CF-FA04-48BB-8311-F5397E11F5CC}.Debug|x86.ActiveCfg = Debug|Any CPU
		{D5BDA8CF-FA04-48BB-8311-F5397E11F5CC}.Debug|x86.Build.0 = Debug|Any CPU
		{D5BDA8CF-FA04-48BB-8311-F5397E11F5CC}.Release|Any CPU.ActiveCfg = Release|Any CPU
		{D5BDA8CF-FA04-48BB-8311-F5397E11F5CC}.Release|Any CPU.Build.0 = Release|Any CPU
		{D5BDA8CF-FA04-48BB-8311-F5397E11F5CC}.Release|x64.ActiveCfg = Release|Any CPU
		{D5BDA8CF-FA04-48BB-8311-F5397E11F5CC}.Release|x64.Build.0 = Release|Any CPU
		{D5BDA8CF-FA04-48BB-8311-F5397E11F5CC}.Release|x86.ActiveCfg = Release|Any CPU
		{D5BDA8CF-FA04-48BB-8311-F5397E11F5CC}.Release|x86.Build.0 = Release|Any CPU
		{9B8C18D4-7E78-4ED0-92FF-EDD0F554BC02}.Debug|Any CPU.ActiveCfg = Debug|Any CPU
		{9B8C18D4-7E78-4ED0-92FF-EDD0F554BC02}.Debug|Any CPU.Build.0 = Debug|Any CPU
		{9B8C18D4-7E78-4ED0-92FF-EDD0F554BC02}.Debug|x64.ActiveCfg = Debug|Any CPU
		{9B8C18D4-7E78-4ED0-92FF-EDD0F554BC02}.Debug|x64.Build.0 = Debug|Any CPU
		{9B8C18D4-7E78-4ED0-92FF-EDD0F554BC02}.Debug|x86.ActiveCfg = Debug|Any CPU
		{9B8C18D4-7E78-4ED0-92FF-EDD0F554BC02}.Debug|x86.Build.0 = Debug|Any CPU
		{9B8C18D4-7E78-4ED0-92FF-EDD0F554BC02}.Release|Any CPU.ActiveCfg = Release|Any CPU
		{9B8C18D4-7E78-4ED0-92FF-EDD0F554BC02}.Release|Any CPU.Build.0 = Release|Any CPU
		{9B8C18D4-7E78-4ED0-92FF-EDD0F554BC02}.Release|x64.ActiveCfg = Release|Any CPU
		{9B8C18D4-7E78-4ED0-92FF-EDD0F554BC02}.Release|x64.Build.0 = Release|Any CPU
		{9B8C18D4-7E78-4ED0-92FF-EDD0F554BC02}.Release|x86.ActiveCfg = Release|Any CPU
		{9B8C18D4-7E78-4ED0-92FF-EDD0F554BC02}.Release|x86.Build.0 = Release|Any CPU
		{618E74C1-A385-4FDA-AF0B-8EA6287E1A67}.Debug|Any CPU.ActiveCfg = Debug|Any CPU
		{618E74C1-A385-4FDA-AF0B-8EA6287E1A67}.Debug|Any CPU.Build.0 = Debug|Any CPU
		{618E74C1-A385-4FDA-AF0B-8EA6287E1A67}.Debug|x64.ActiveCfg = Debug|Any CPU
		{618E74C1-A385-4FDA-AF0B-8EA6287E1A67}.Debug|x64.Build.0 = Debug|Any CPU
		{618E74C1-A385-4FDA-AF0B-8EA6287E1A67}.Debug|x86.ActiveCfg = Debug|Any CPU
		{618E74C1-A385-4FDA-AF0B-8EA6287E1A67}.Debug|x86.Build.0 = Debug|Any CPU
		{618E74C1-A385-4FDA-AF0B-8EA6287E1A67}.Release|Any CPU.ActiveCfg = Release|Any CPU
		{618E74C1-A385-4FDA-AF0B-8EA6287E1A67}.Release|Any CPU.Build.0 = Release|Any CPU
		{618E74C1-A385-4FDA-AF0B-8EA6287E1A67}.Release|x64.ActiveCfg = Release|Any CPU
		{618E74C1-A385-4FDA-AF0B-8EA6287E1A67}.Release|x64.Build.0 = Release|Any CPU
		{618E74C1-A385-4FDA-AF0B-8EA6287E1A67}.Release|x86.ActiveCfg = Release|Any CPU
		{618E74C1-A385-4FDA-AF0B-8EA6287E1A67}.Release|x86.Build.0 = Release|Any CPU
		{F86C547B-E3AE-43CB-9B7E-B88EAF6478F9}.Debug|Any CPU.ActiveCfg = Debug|Any CPU
		{F86C547B-E3AE-43CB-9B7E-B88EAF6478F9}.Debug|Any CPU.Build.0 = Debug|Any CPU
		{F86C547B-E3AE-43CB-9B7E-B88EAF6478F9}.Debug|x64.ActiveCfg = Debug|Any CPU
		{F86C547B-E3AE-43CB-9B7E-B88EAF6478F9}.Debug|x64.Build.0 = Debug|Any CPU
		{F86C547B-E3AE-43CB-9B7E-B88EAF6478F9}.Debug|x86.ActiveCfg = Debug|Any CPU
		{F86C547B-E3AE-43CB-9B7E-B88EAF6478F9}.Debug|x86.Build.0 = Debug|Any CPU
		{F86C547B-E3AE-43CB-9B7E-B88EAF6478F9}.Release|Any CPU.ActiveCfg = Release|Any CPU
		{F86C547B-E3AE-43CB-9B7E-B88EAF6478F9}.Release|Any CPU.Build.0 = Release|Any CPU
		{F86C547B-E3AE-43CB-9B7E-B88EAF6478F9}.Release|x64.ActiveCfg = Release|Any CPU
		{F86C547B-E3AE-43CB-9B7E-B88EAF6478F9}.Release|x64.Build.0 = Release|Any CPU
		{F86C547B-E3AE-43CB-9B7E-B88EAF6478F9}.Release|x86.ActiveCfg = Release|Any CPU
		{F86C547B-E3AE-43CB-9B7E-B88EAF6478F9}.Release|x86.Build.0 = Release|Any CPU
	EndGlobalSection
	GlobalSection(SolutionProperties) = preSolution
		HideSolutionNode = FALSE
	EndGlobalSection
	GlobalSection(NestedProjects) = preSolution
		{B8671BDD-C438-44D6-90BA-B535749BA759} = {827E0CD3-B72D-47B6-A68D-7590B98EB39B}
		{B24BE7A6-71D5-43F4-B8D2-605714047DBC} = {827E0CD3-B72D-47B6-A68D-7590B98EB39B}
		{B554723E-0380-4608-82DF-7D054E409282} = {827E0CD3-B72D-47B6-A68D-7590B98EB39B}
		{3630FA46-E0EE-4F38-A3D4-B4AEBC30055E} = {827E0CD3-B72D-47B6-A68D-7590B98EB39B}
		{D5BDA8CF-FA04-48BB-8311-F5397E11F5CC} = {827E0CD3-B72D-47B6-A68D-7590B98EB39B}
		{9B8C18D4-7E78-4ED0-92FF-EDD0F554BC02} = {827E0CD3-B72D-47B6-A68D-7590B98EB39B}
		{618E74C1-A385-4FDA-AF0B-8EA6287E1A67} = {0AB3BF05-4346-4AA6-1389-037BE0695223}
		{F86C547B-E3AE-43CB-9B7E-B88EAF6478F9} = {0AB3BF05-4346-4AA6-1389-037BE0695223}
	EndGlobalSection
EndGlobal
